PODS:
  - FMDB (2.6.2):
    - FMDB/standard (= 2.6.2)
  - FMDB/standard (2.6.2)
  - LKDBHelper (2.4.1):
    - FMDB
  - SDAutoLayout (2.1.7)
  - YYModel (1.0.4)

DEPENDENCIES:
  - LKDBHelper
  - SDAutoLayout
  - YYModel

SPEC CHECKSUMS:
  FMDB: 854a0341b4726e53276f2a8996f06f1b80f9259a
  LKDBHelper: 531581fa6a7d0f14236cc028ce0d277bca73436a
  SDAutoLayout: e9b36d04b8c0b504762a04d76fbbe5108944297a
  YYModel: 2a7fdd96aaa4b86a824e26d0c517de8928c04b30

PODFILE CHECKSUM: 77e7daf67d695c634852781a41a759edbb339586

COCOAPODS: 1.2.0.beta.1
